Microsoft Visual Studio Solution File, Format Version 12.00
# Visual Studio Version 17
VisualStudioVersion = 17.13.35931.197
MinimumVisualStudioVersion = 10.0.40219.1
Project("{FAE04EC0-301F-11D3-BF4B-00C04F79EFBC}") = "BTHeraldryColorHelper", "BTHeraldryColorHelper.csproj", "{17C62AE5-27A5-464A-89EC-D38C773879DB}"
EndProject
Global
	GlobalSection(SolutionConfigurationPlatforms) = preSolution
		Debug|Any CPU = Debug|Any CPU
		Release|Any CPU = Release|Any CPU
	EndGlobalSection
	GlobalSection(ProjectConfigurationPlatforms) = postSolution
		{17C62AE5-27A5-464A-89EC-D38C773879DB}.Debug|Any CPU.ActiveCfg = Debug|Any CPU
		{17C62AE5-27A5-464A-89EC-D38C773879DB}.Debug|Any CPU.Build.0 = Debug|Any CPU
		{17C62AE5-27A5-464A-89EC-D38C773879DB}.Release|Any CPU.ActiveCfg = Release|Any CPU
		{17C62AE5-27A5-464A-89EC-D38C773879DB}.Release|Any CPU.Build.0 = Release|Any CPU
	EndGlobalSection
	GlobalSection(SolutionProperties) = preSolution
		HideSolutionNode = FALSE
	EndGlobalSection
	GlobalSection(ExtensibilityGlobals) = postSolution
		SolutionGuid = {505432BC-499F-44A5-B637-AD18C5E3246A}
	EndGlobalSection
EndGlobal
